
Microsoft Visual Studio Solution File, Format Version 12.00
# Visual Studio 15
VisualStudioVersion = 15.0.28307.1000
MinimumVisualStudioVersion = 10.0.40219.1
Project("{9A19103F-16F7-4668-BE54-9A1E7A4F7556}") = "X.Monitor.Tests", "X.Monitor.Tests\X.Monitor.Tests.csproj", "{AE7F0DC0-21E4-470B-97B5-AC1CF2808173}"
EndProject
Project("{9A19103F-16F7-4668-BE54-9A1E7A4F7556}") = "X.Monitor.Core", "X.Monitor.Core\X.Monitor.Core.csproj", "{ECADD14B-464F-4728-BB2D-B1D32BB5ED86}"
EndProject
Project("{9A19103F-16F7-4668-BE54-9A1E7A4F7556}") = "X.Monitor.Web", "X.Monitor.Web\X.Monitor.Web.csproj", "{62F73611-057A-4C1E-827F-356DE2F3AA5B}"
EndProject
Global
	GlobalSection(SolutionConfigurationPlatforms) = preSolution
		Debug|Any CPU = Debug|Any CPU
		Release|Any CPU = Release|Any CPU
	EndGlobalSection
	GlobalSection(ProjectConfigurationPlatforms) = postSolution
		{AE7F0DC0-21E4-470B-97B5-AC1CF2808173}.Debug|Any CPU.ActiveCfg = Debug|Any CPU
		{AE7F0DC0-21E4-470B-97B5-AC1CF2808173}.Debug|Any CPU.Build.0 = Debug|Any CPU
		{AE7F0DC0-21E4-470B-97B5-AC1CF2808173}.Release|Any CPU.ActiveCfg = Release|Any CPU
		{AE7F0DC0-21E4-470B-97B5-AC1CF2808173}.Release|Any CPU.Build.0 = Release|Any CPU
		{ECADD14B-464F-4728-BB2D-B1D32BB5ED86}.Debug|Any CPU.ActiveCfg = Debug|Any CPU
		{ECADD14B-464F-4728-BB2D-B1D32BB5ED86}.Debug|Any CPU.Build.0 = Debug|Any CPU
		{ECADD14B-464F-4728-BB2D-B1D32BB5ED86}.Release|Any CPU.ActiveCfg = Release|Any CPU
		{ECADD14B-464F-4728-BB2D-B1D32BB5ED86}.Release|Any CPU.Build.0 = Release|Any CPU
		{62F73611-057A-4C1E-827F-356DE2F3AA5B}.Debug|Any CPU.ActiveCfg = Debug|Any CPU
		{62F73611-057A-4C1E-827F-356DE2F3AA5B}.Debug|Any CPU.Build.0 = Debug|Any CPU
		{62F73611-057A-4C1E-827F-356DE2F3AA5B}.Release|Any CPU.ActiveCfg = Release|Any CPU
		{62F73611-057A-4C1E-827F-356DE2F3AA5B}.Release|Any CPU.Build.0 = Release|Any CPU
	EndGlobalSection
	GlobalSection(SolutionProperties) = preSolution
		HideSolutionNode = FALSE
	EndGlobalSection
	GlobalSection(ExtensibilityGlobals) = postSolution
		SolutionGuid = {1F6F42DD-94EF-4E00-8C0D-81BF80149B6C}
	EndGlobalSection
EndGlobal
